// !$*UTF8*$!
{
	archiveVersion = 1;
	classes = {
	};
	objectVersion = 46;
	objects = {

/* Begin PBXBuildFile section */
		0B12A7C4199282CA00EB5669 /* AppDelegate.swift in Sources */ = {isa = PBXBuildFile; fileRef = 0B12A7C3199282CA00EB5669 /* AppDelegate.swift */; };
		0B12A7C6199282CA00EB5669 /* ViewController.swift in Sources */ = {isa = PBXBuildFile; fileRef = 0B12A7C5199282CA00EB5669 /* ViewController.swift */; };
		0B12A7C9199282CA00EB5669 /* Main.storyboard in Resources */ = {isa = PBXBuildFile; fileRef = 0B12A7C7199282CA00EB5669 /* Main.storyboard */; };
		0B12A7CB199282CA00EB5669 /* Images.xcassets in Resources */ = {isa = PBXBuildFile; fileRef = 0B12A7CA199282CA00EB5669 /* Images.xcassets */; };
		0B12A7D7199282CA00EB5669 /* LogoFunhouse_SwiftTests.swift in Sources */ = {isa = PBXBuildFile; fileRef = 0B12A7D6199282CA00EB5669 /* LogoFunhouse_SwiftTests.swift */; };
		0BE2E82A19AEFDBD00C4F671 /* Surge.h in Headers */ = {isa = PBXBuildFile; fileRef = 0BE2E82319AEFDBD00C4F671 /* Surge.h */; };
		0BE2E82B19AEFDBD00C4F671 /* Arithmetic.swift in Sources */ = {isa = PBXBuildFile; fileRef = 0BE2E82419AEFDBD00C4F671 /* Arithmetic.swift */; };
		0BE2E82C19AEFDBD00C4F671 /* Auxiliary.swift in Sources */ = {isa = PBXBuildFile; fileRef = 0BE2E82519AEFDBD00C4F671 /* Auxiliary.swift */; };
		0BE2E82D19AEFDBD00C4F671 /* Exponential.swift in Sources */ = {isa = PBXBuildFile; fileRef = 0BE2E82619AEFDBD00C4F671 /* Exponential.swift */; };
		0BE2E82E19AEFDBD00C4F671 /* Hyperbolic.swift in Sources */ = {isa = PBXBuildFile; fileRef = 0BE2E82719AEFDBD00C4F671 /* Hyperbolic.swift */; };
		0BE2E82F19AEFDBD00C4F671 /* Power.swift in Sources */ = {isa = PBXBuildFile; fileRef = 0BE2E82819AEFDBD00C4F671 /* Power.swift */; };
		0BE2E83019AEFDBD00C4F671 /* Trigonometric.swift in Sources */ = {isa = PBXBuildFile; fileRef = 0BE2E82919AEFDBD00C4F671 /* Trigonometric.swift */; };
		0BFC029919AC45F5003DBF2D /* LogoPathFactory.swift in Sources */ = {isa = PBXBuildFile; fileRef = 0BFC029819AC45F5003DBF2D /* LogoPathFactory.swift */; };
		0BFC02AC19AC4AF7003DBF2D /* Accelerate.framework in Frameworks */ = {isa = PBXBuildFile; fileRef = 0BFC02AB19AC4AF7003DBF2D /* Accelerate.framework */; };
		0BFC02AE19AC4B00003DBF2D /* Foundation.framework in Frameworks */ = {isa = PBXBuildFile; fileRef = 0BFC02AD19AC4B00003DBF2D /* Foundation.framework */; };
		0BFC02B019AC4B06003DBF2D /* UIKit.framework in Frameworks */ = {isa = PBXBuildFile; fileRef = 0BFC02AF19AC4B06003DBF2D /* UIKit.framework */; };
/* End PBXBuildFile section */

/* Begin PBXContainerItemProxy section */
		0B12A7D1199282CA00EB5669 /* PBXContainerItemProxy */ = {
			isa = PBXContainerItemProxy;
			containerPortal = 0B12A7B6199282CA00EB5669 /* Project object */;
			proxyType = 1;
			remoteGlobalIDString = 0B12A7BD199282CA00EB5669;
			remoteInfo = LogoFunhouse_Swift;
		};
/* End PBXContainerItemProxy section */

/* Begin PBXFileReference section */
		0B12A7BE199282CA00EB5669 /* LogoFunhouse_Swift.app */ = {isa = PBXFileReference; explicitFileType = wrapper.application; includeInIndex = 0; path = LogoFunhouse_Swift.app; sourceTree = BUILT_PRODUCTS_DIR; };
		0B12A7C2199282CA00EB5669 /* Info.plist */ = {isa = PBXFileReference; lastKnownFileType = text.plist.xml; path = Info.plist; sourceTree = "<group>"; };
		0B12A7C3199282CA00EB5669 /* AppDelegate.swift */ = {isa = PBXFileReference; lastKnownFileType = sourcecode.swift; path = AppDelegate.swift; sourceTree = "<group>"; };
		0B12A7C5199282CA00EB5669 /* ViewController.swift */ = {isa = PBXFileReference; lastKnownFileType = sourcecode.swift; path = ViewController.swift; sourceTree = "<group>"; };
		0B12A7C8199282CA00EB5669 /* Base */ = {isa = PBXFileReference; lastKnownFileType = file.storyboard; name = Base; path = Base.lproj/Main.storyboard; sourceTree = "<group>"; };
		0B12A7CA199282CA00EB5669 /* Images.xcassets */ = {isa = PBXFileReference; lastKnownFileType = folder.assetcatalog; path = Images.xcassets; sourceTree = "<group>"; };
		0B12A7D0199282CA00EB5669 /* LogoFunhouse_SwiftTests.xctest */ = {isa = PBXFileReference; explicitFileType = wrapper.cfbundle; includeInIndex = 0; path = LogoFunhouse_SwiftTests.xctest; sourceTree = BUILT_PRODUCTS_DIR; };
		0B12A7D5199282CA00EB5669 /* Info.plist */ = {isa = PBXFileReference; lastKnownFileType = text.plist.xml; path = Info.plist; sourceTree = "<group>"; };
		0B12A7D6199282CA00EB5669 /* LogoFunhouse_SwiftTests.swift */ = {isa = PBXFileReference; lastKnownFileType = sourcecode.swift; path = LogoFunhouse_SwiftTests.swift; sourceTree = "<group>"; };
		0BE2E82319AEFDBD00C4F671 /* Surge.h */ = {isa = PBXFileReference; fileEncoding = 4; lastKnownFileType = sourcecode.c.h; path = Surge.h; sourceTree = "<group>"; };
		0BE2E82419AEFDBD00C4F671 /* Arithmetic.swift */ = {isa = PBXFileReference; fileEncoding = 4; lastKnownFileType = sourcecode.swift; path = Arithmetic.swift; sourceTree = "<group>"; };
		0BE2E82519AEFDBD00C4F671 /* Auxiliary.swift */ = {isa = PBXFileReference; fileEncoding = 4; lastKnownFileType = sourcecode.swift; path = Auxiliary.swift; sourceTree = "<group>"; };
		0BE2E82619AEFDBD00C4F671 /* Exponential.swift */ = {isa = PBXFileReference; fileEncoding = 4; lastKnownFileType = sourcecode.swift; path = Exponential.swift; sourceTree = "<group>"; };
		0BE2E82719AEFDBD00C4F671 /* Hyperbolic.swift */ = {isa = PBXFileReference; fileEncoding = 4; lastKnownFileType = sourcecode.swift; path = Hyperbolic.swift; sourceTree = "<group>"; };
		0BE2E82819AEFDBD00C4F671 /* Power.swift */ = {isa = PBXFileReference; fileEncoding = 4; lastKnownFileType = sourcecode.swift; path = Power.swift; sourceTree = "<group>"; };
		0BE2E82919AEFDBD00C4F671 /* Trigonometric.swift */ = {isa = PBXFileReference; fileEncoding = 4; lastKnownFileType = sourcecode.swift; path = Trigonometric.swift; sourceTree = "<group>"; };
		0BFC029819AC45F5003DBF2D /* LogoPathFactory.swift */ = {isa = PBXFileReference; fileEncoding = 4; lastKnownFileType = sourcecode.swift; path = LogoPathFactory.swift; sourceTree = "<group>"; };
		0BFC02AB19AC4AF7003DBF2D /* Accelerate.framework */ = {isa = PBXFileReference; lastKnownFileType = wrapper.framework; name = Accelerate.framework; path = System/Library/Frameworks/Accelerate.framework; sourceTree = SDKROOT; };
		0BFC02AD19AC4B00003DBF2D /* Foundation.framework */ = {isa = PBXFileReference; lastKnownFileType = wrapper.framework; name = Foundation.framework; path = System/Library/Frameworks/Foundation.framework; sourceTree = SDKROOT; };
		0BFC02AF19AC4B06003DBF2D /* UIKit.framework */ = {isa = PBXFileReference; lastKnownFileType = wrapper.framework; name = UIKit.framework; path = System/Library/Frameworks/UIKit.framework; sourceTree = SDKROOT; };
/* End PBXFileReference section */

/* Begin PBXFrameworksBuildPhase section */
		0B12A7BB199282CA00EB5669 /* Frameworks */ = {
			isa = PBXFrameworksBuildPhase;
			buildActionMask = 2147483647;
			files = (
				0BFC02B019AC4B06003DBF2D /* UIKit.framework in Frameworks */,
				0BFC02AE19AC4B00003DBF2D /* Foundation.framework in Frameworks */,
				0BFC02AC19AC4AF7003DBF2D /* Accelerate.framework in Frameworks */,
			);
			runOnlyForDeploymentPostprocessing = 0;
		};
		0B12A7CD199282CA00EB5669 /* Frameworks */ = {
			isa = PBXFrameworksBuildPhase;
			buildActionMask = 2147483647;
			files = (
			);
			runOnlyForDeploymentPostprocessing = 0;
		};
/* End PBXFrameworksBuildPhase section */

/* Begin PBXGroup section */
		0B12A7B5199282CA00EB5669 = {
			isa = PBXGroup;
			children = (
				0B12A7C0199282CA00EB5669 /* LogoFunhouse_Swift */,
				0B12A7D3199282CA00EB5669 /* LogoFunhouse_SwiftTests */,
				0BFC02AA19AC4AD8003DBF2D /* Frameworks */,
				0B12A7BF199282CA00EB5669 /* Products */,
			);
			sourceTree = "<group>";
		};
		0B12A7BF199282CA00EB5669 /* Products */ = {
			isa = PBXGroup;
			children = (
				0B12A7BE199282CA00EB5669 /* LogoFunhouse_Swift.app */,
				0B12A7D0199282CA00EB5669 /* LogoFunhouse_SwiftTests.xctest */,
			);
			name = Products;
			sourceTree = "<group>";
		};
		0B12A7C0199282CA00EB5669 /* LogoFunhouse_Swift */ = {
			isa = PBXGroup;
			children = (
				0B12A7C3199282CA00EB5669 /* AppDelegate.swift */,
				0B12A7C5199282CA00EB5669 /* ViewController.swift */,
				0BFC029819AC45F5003DBF2D /* LogoPathFactory.swift */,
				0B12A7C7199282CA00EB5669 /* Main.storyboard */,
				0B12A7CA199282CA00EB5669 /* Images.xcassets */,
				0BE2E82319AEFDBD00C4F671 /* Surge.h */,
				0BE2E82419AEFDBD00C4F671 /* Arithmetic.swift */,
				0BE2E82519AEFDBD00C4F671 /* Auxiliary.swift */,
				0BE2E82619AEFDBD00C4F671 /* Exponential.swift */,
				0BE2E82719AEFDBD00C4F671 /* Hyperbolic.swift */,
				0BE2E82819AEFDBD00C4F671 /* Power.swift */,
				0BE2E82919AEFDBD00C4F671 /* Trigonometric.swift */,
				0B12A7C1199282CA00EB5669 /* Supporting Files */,
			);
			path = LogoFunhouse_Swift;
			sourceTree = "<group>";
		};
		0B12A7C1199282CA00EB5669 /* Supporting Files */ = {
			isa = PBXGroup;
			children = (
				0B12A7C2199282CA00EB5669 /* Info.plist */,
			);
			name = "Supporting Files";
			sourceTree = "<group>";
		};
		0B12A7D3199282CA00EB5669 /* LogoFunhouse_SwiftTests */ = {
			isa = PBXGroup;
			children = (
				0B12A7D6199282CA00EB5669 /* LogoFunhouse_SwiftTests.swift */,
				0B12A7D4199282CA00EB5669 /* Supporting Files */,
			);
			path = LogoFunhouse_SwiftTests;
			sourceTree = "<group>";
		};
		0B12A7D4199282CA00EB5669 /* Supporting Files */ = {
			isa = PBXGroup;
			children = (
				0B12A7D5199282CA00EB5669 /* Info.plist */,
			);
			name = "Supporting Files";
			sourceTree = "<group>";
		};
		0BFC02AA19AC4AD8003DBF2D /* Frameworks */ = {
			isa = PBXGroup;
			children = (
				0BFC02AF19AC4B06003DBF2D /* UIKit.framework */,
				0BFC02AD19AC4B00003DBF2D /* Foundation.framework */,
				0BFC02AB19AC4AF7003DBF2D /* Accelerate.framework */,
			);
			name = Frameworks;
			path = LogoFunhouse_SwiftTests;
			sourceTree = "<group>";
		};
/* End PBXGroup section */

/* Begin PBXHeadersBuildPhase section */
		0BFC02B119AC4BEA003DBF2D /* Headers */ = {
			isa = PBXHeadersBuildPhase;
			buildActionMask = 2147483647;
			files = (
				0BE2E82A19AEFDBD00C4F671 /* Surge.h in Headers */,
			);
			runOnlyForDeploymentPostprocessing = 0;
		};
/* End PBXHeadersBuildPhase section */

/* Begin PBXNativeTarget section */
		0B12A7BD199282CA00EB5669 /* LogoFunhouse_Swift */ = {
			isa = PBXNativeTarget;
			buildConfigurationList = 0B12A7DA199282CA00EB5669 /* Build configuration list for PBXNativeTarget "LogoFunhouse_Swift" */;
			buildPhases = (
				0B12A7BA199282CA00EB5669 /* Sources */,
				0B12A7BB199282CA00EB5669 /* Frameworks */,
				0BFC02B119AC4BEA003DBF2D /* Headers */,
				0B12A7BC199282CA00EB5669 /* Resources */,
			);
			buildRules = (
			);
			dependencies = (
			);
			name = LogoFunhouse_Swift;
			productName = LogoFunhouse_Swift;
			productReference = 0B12A7BE199282CA00EB5669 /* LogoFunhouse_Swift.app */;
			productType = "com.apple.product-type.application";
		};
		0B12A7CF199282CA00EB5669 /* LogoFunhouse_SwiftTests */ = {
			isa = PBXNativeTarget;
			buildConfigurationList = 0B12A7DD199282CA00EB5669 /* Build configuration list for PBXNativeTarget "LogoFunhouse_SwiftTests" */;
			buildPhases = (
				0B12A7CC199282CA00EB5669 /* Sources */,
				0B12A7CD199282CA00EB5669 /* Frameworks */,
				0B12A7CE199282CA00EB5669 /* Resources */,
			);
			buildRules = (
			);
			dependencies = (
				0B12A7D2199282CA00EB5669 /* PBXTargetDependency */,
			);
			name = LogoFunhouse_SwiftTests;
			productName = LogoFunhouse_SwiftTests;
			productReference = 0B12A7D0199282CA00EB5669 /* LogoFunhouse_SwiftTests.xctest */;
			productType = "com.apple.product-type.bundle.unit-test";
		};
/* End PBXNativeTarget section */

/* Begin PBXProject section */
		0B12A7B6199282CA00EB5669 /* Project object */ = {
			isa = PBXProject;
			attributes = {
				LastUpgradeCheck = 0600;
				ORGANIZATIONNAME = Simple;
				TargetAttributes = {
					0B12A7BD199282CA00EB5669 = {
						CreatedOnToolsVersion = 6.0;
					};
					0B12A7CF199282CA00EB5669 = {
						CreatedOnToolsVersion = 6.0;
						TestTargetID = 0B12A7BD199282CA00EB5669;
					};
				};
			};
			buildConfigurationList = 0B12A7B9199282CA00EB5669 /* Build configuration list for PBXProject "LogoFunhouse_Swift" */;
			compatibilityVersion = "Xcode 3.2";
			developmentRegion = English;
			hasScannedForEncodings = 0;
			knownRegions = (
				en,
				Base,
			);
			mainGroup = 0B12A7B5199282CA00EB5669;
			productRefGroup = 0B12A7BF199282CA00EB5669 /* Products */;
			projectDirPath = "";
			projectRoot = "";
			targets = (
				0B12A7BD199282CA00EB5669 /* LogoFunhouse_Swift */,
				0B12A7CF199282CA00EB5669 /* LogoFunhouse_SwiftTests */,
			);
		};
/* End PBXProject section */

/* Begin PBXResourcesBuildPhase section */
		0B12A7BC199282CA00EB5669 /* Resources */ = {
			isa = PBXResourcesBuildPhase;
			buildActionMask = 2147483647;
			files = (
				0B12A7C9199282CA00EB5669 /* Main.storyboard in Resources */,
				0B12A7CB199282CA00EB5669 /* Images.xcassets in Resources */,
			);
			runOnlyForDeploymentPostprocessing = 0;
		};
		0B12A7CE199282CA00EB5669 /* Resources */ = {
			isa = PBXResourcesBuildPhase;
			buildActionMask = 2147483647;
			files = (
			);
			runOnlyForDeploymentPostprocessing = 0;
		};
/* End PBXResourcesBuildPhase section */

/* Begin PBXSourcesBuildPhase section */
		0B12A7BA199282CA00EB5669 /* Sources */ = {
			isa = PBXSourcesBuildPhase;
			buildActionMask = 2147483647;
			files = (
				0BE2E82E19AEFDBD00C4F671 /* Hyperbolic.swift in Sources */,
				0BFC029919AC45F5003DBF2D /* LogoPathFactory.swift in Sources */,
				0BE2E82D19AEFDBD00C4F671 /* Exponential.swift in Sources */,
				0BE2E83019AEFDBD00C4F671 /* Trigonometric.swift in Sources */,
				0BE2E82F19AEFDBD00C4F671 /* Power.swift in Sources */,
				0BE2E82B19AEFDBD00C4F671 /* Arithmetic.swift in Sources */,
				0B12A7C6199282CA00EB5669 /* ViewController.swift in Sources */,
				0B12A7C4199282CA00EB5669 /* AppDelegate.swift in Sources */,
				0BE2E82C19AEFDBD00C4F671 /* Auxiliary.swift in Sources */,
			);
			runOnlyForDeploymentPostprocessing = 0;
		};
		0B12A7CC199282CA00EB5669 /* Sources */ = {
			isa = PBXSourcesBuildPhase;
			buildActionMask = 2147483647;
			files = (
				0B12A7D7199282CA00EB5669 /* LogoFunhouse_SwiftTests.swift in Sources */,
			);
			runOnlyForDeploymentPostprocessing = 0;
		};
/* End PBXSourcesBuildPhase section */

/* Begin PBXTargetDependency section */
		0B12A7D2199282CA00EB5669 /* PBXTargetDependency */ = {
			isa = PBXTargetDependency;
			target = 0B12A7BD199282CA00EB5669 /* LogoFunhouse_Swift */;
			targetProxy = 0B12A7D1199282CA00EB5669 /* PBXContainerItemProxy */;
		};
/* End PBXTargetDependency section */

/* Begin PBXVariantGroup section */
		0B12A7C7199282CA00EB5669 /* Main.storyboard */ = {
			isa = PBXVariantGroup;
			children = (
				0B12A7C8199282CA00EB5669 /* Base */,
			);
			name = Main.storyboard;
			sourceTree = "<group>";
		};
/* End PBXVariantGroup section */

/* Begin XCBuildConfiguration section */
		0B12A7D8199282CA00EB5669 /* Debug */ = {
			isa = XCBuildConfiguration;
			buildSettings = {
				ALWAYS_SEARCH_USER_PATHS = NO;
				CLANG_CXX_LANGUAGE_STANDARD = "gnu++0x";
				CLANG_CXX_LIBRARY = "libc++";
				CLANG_ENABLE_MODULES = YES;
				CLANG_ENABLE_OBJC_ARC = YES;
				CLANG_WARN_BOOL_CONVERSION = YES;
				CLANG_WARN_CONSTANT_CONVERSION = YES;
				CLANG_WARN_DIRECT_OBJC_ISA_USAGE = YES_ERROR;
				CLANG_WARN_EMPTY_BODY = YES;
				CLANG_WARN_ENUM_CONVERSION = YES;
				CLANG_WARN_INT_CONVERSION = YES;
				CLANG_WARN_OBJC_ROOT_CLASS = YES_ERROR;
				CLANG_WARN_UNREACHABLE_CODE = YES;
				CLANG_WARN__DUPLICATE_METHOD_MATCH = YES;
				"CODE_SIGN_IDENTITY[sdk=iphoneos*]" = "iPhone Developer";
				COPY_PHASE_STRIP = NO;
				ENABLE_STRICT_OBJC_MSGSEND = YES;
				GCC_C_LANGUAGE_STANDARD = gnu99;
				GCC_DYNAMIC_NO_PIC = NO;
				GCC_OPTIMIZATION_LEVEL = 0;
				GCC_PREPROCESSOR_DEFINITIONS = (
					"DEBUG=1",
					"$(inherited)",
				);
				GCC_SYMBOLS_PRIVATE_EXTERN = NO;
				GCC_WARN_64_TO_32_BIT_CONVERSION = YES;
				GCC_WARN_ABOUT_RETURN_TYPE = YES_ERROR;
				GCC_WARN_UNDECLARED_SELECTOR = YES;
				GCC_WARN_UNINITIALIZED_AUTOS = YES_AGGRESSIVE;
				GCC_WARN_UNUSED_FUNCTION = YES;
				GCC_WARN_UNUSED_VARIABLE = YES;
				IPHONEOS_DEPLOYMENT_TARGET = 8.0;
				MTL_ENABLE_DEBUG_INFO = YES;
				ONLY_ACTIVE_ARCH = YES;
				SDKROOT = iphoneos;
				SWIFT_OPTIMIZATION_LEVEL = "-Onone";
			};
			name = Debug;
		};
		0B12A7D9199282CA00EB5669 /* Release */ = {
			isa = XCBuildConfiguration;
			buildSettings = {
				ALWAYS_SEARCH_USER_PATHS = NO;
				CLANG_CXX_LANGUAGE_STANDARD = "gnu++0x";
				CLANG_CXX_LIBRARY = "libc++";
				CLANG_ENABLE_MODULES = YES;
				CLANG_ENABLE_OBJC_ARC = YES;
				CLANG_WARN_BOOL_CONVERSION = YES;
				CLANG_WARN_CONSTANT_CONVERSION = YES;
				CLANG_WARN_DIRECT_OBJC_ISA_USAGE = YES_ERROR;
				CLANG_WARN_EMPTY_BODY = YES;
				CLANG_WARN_ENUM_CONVERSION = YES;
				CLANG_WARN_INT_CONVERSION = YES;
				CLANG_WARN_OBJC_ROOT_CLASS = YES_ERROR;
				CLANG_WARN_UNREACHABLE_CODE = YES;
				CLANG_WARN__DUPLICATE_METHOD_MATCH = YES;
				"CODE_SIGN_IDENTITY[sdk=iphoneos*]" = "iPhone Developer";
				COPY_PHASE_STRIP = YES;
				ENABLE_NS_ASSERTIONS = NO;
				ENABLE_STRICT_OBJC_MSGSEND = YES;
				GCC_C_LANGUAGE_STANDARD = gnu99;
				GCC_WARN_64_TO_32_BIT_CONVERSION = YES;
				GCC_WARN_ABOUT_RETURN_TYPE = YES_ERROR;
				GCC_WARN_UNDECLARED_SELECTOR = YES;
				GCC_WARN_UNINITIALIZED_AUTOS = YES_AGGRESSIVE;
				GCC_WARN_UNUSED_FUNCTION = YES;
				GCC_WARN_UNUSED_VARIABLE = YES;
				IPHONEOS_DEPLOYMENT_TARGET = 8.0;
				MTL_ENABLE_DEBUG_INFO = NO;
				SDKROOT = iphoneos;
				VALIDATE_PRODUCT = YES;
			};
			name = Release;
		};
		0B12A7DB199282CA00EB5669 /* Debug */ = {
			isa = XCBuildConfiguration;
			buildSettings = {
				ASSETCATALOG_COMPILER_APPICON_NAME = AppIcon;
				ASSETCATALOG_COMPILER_LAUNCHIMAGE_NAME = LaunchImage;
				FRAMEWORK_SEARCH_PATHS = (
					"$(inherited)",
					"$(PROJECT_DIR)/LogoFunhouse_SwiftTests",
				);
				INFOPLIST_FILE = LogoFunhouse_Swift/Info.plist;
				LD_RUNPATH_SEARCH_PATHS = "$(inherited) @executable_path/Frameworks";
				PRODUCT_NAME = "$(TARGET_NAME)";
			};
			name = Debug;
		};
		0B12A7DC199282CA00EB5669 /* Release */ = {
			isa = XCBuildConfiguration;
			buildSettings = {
				ASSETCATALOG_COMPILER_APPICON_NAME = AppIcon;
				ASSETCATALOG_COMPILER_LAUNCHIMAGE_NAME = LaunchImage;
				FRAMEWORK_SEARCH_PATHS = (
					"$(inherited)",
					"$(PROJECT_DIR)/LogoFunhouse_SwiftTests",
				);
				INFOPLIST_FILE = LogoFunhouse_Swift/Info.plist;
				LD_RUNPATH_SEARCH_PATHS = "$(inherited) @executable_path/Frameworks";
				PRODUCT_NAME = "$(TARGET_NAME)";
			};
			name = Release;
		};
		0B12A7DE199282CA00EB5669 /* Debug */ = {
			isa = XCBuildConfiguration;
			buildSettings = {
				BUNDLE_LOADER = "$(TEST_HOST)";
				FRAMEWORK_SEARCH_PATHS = (
					"$(SDKROOT)/Developer/Library/Frameworks",
					"$(inherited)",
				);
				GCC_PREPROCESSOR_DEFINITIONS = (
					"DEBUG=1",
					"$(inherited)",
				);
				INFOPLIST_FILE = LogoFunhouse_SwiftTests/Info.plist;
				LD_RUNPATH_SEARCH_PATHS = "$(inherited) @executable_path/Frameworks @loader_path/Frameworks";
				PRODUCT_NAME = "$(TARGET_NAME)";
				TEST_HOST = "$(BUILT_PRODUCTS_DIR)/LogoFunhouse_Swift.app/LogoFunhouse_Swift";
			};
			name = Debug;
		};
		0B12A7DF199282CA00EB5669 /* Release */ = {
			isa = XCBuildConfiguration;
			buildSettings = {
				BUNDLE_LOADER = "$(TEST_HOST)";
				FRAMEWORK_SEARCH_PATHS = (
					"$(SDKROOT)/Developer/Library/Frameworks",
					"$(inherited)",
				);
				INFOPLIST_FILE = LogoFunhouse_SwiftTests/Info.plist;
				LD_RUNPATH_SEARCH_PATHS = "$(inherited) @executable_path/Frameworks @loader_path/Frameworks";
				PRODUCT_NAME = "$(TARGET_NAME)";
				TEST_HOST = "$(BUILT_PRODUCTS_DIR)/LogoFunhouse_Swift.app/LogoFunhouse_Swift";
			};
			name = Release;
		};
/* End XCBuildConfiguration section */

/* Begin XCConfigurationList section */
		0B12A7B9199282CA00EB5669 /* Build configuration list for PBXProject "LogoFunhouse_Swift" */ = {
			isa = XCConfigurationList;
			buildConfigurations = (
				0B12A7D8199282CA00EB5669 /* Debug */,
				0B12A7D9199282CA00EB5669 /* Release */,
			);
			defaultConfigurationIsVisible = 0;
			defaultConfigurationName = Release;
		};
		0B12A7DA199282CA00EB5669 /* Build configuration list for PBXNativeTarget "LogoFunhouse_Swift" */ = {
			isa = XCConfigurationList;
			buildConfigurations = (
				0B12A7DB199282CA00EB5669 /* Debug */,
				0B12A7DC199282CA00EB5669 /* Release */,
			);
			defaultConfigurationIsVisible = 0;
			defaultConfigurationName = Release;
		};
		0B12A7DD199282CA00EB5669 /* Build configuration list for PBXNativeTarget "LogoFunhouse_SwiftTests" */ = {
			isa = XCConfigurationList;
			buildConfigurations = (
				0B12A7DE199282CA00EB5669 /* Debug */,
				0B12A7DF199282CA00EB5669 /* Release */,
			);
			defaultConfigurationIsVisible = 0;
			defaultConfigurationName = Release;
		};
/* End XCConfigurationList section */
	};
	rootObject = 0B12A7B6199282CA00EB5669 /* Project object */;
}
